
Microsoft Visual Studio Solution File, Format Version 12.00
# Visual Studio Version 17
VisualStudioVersion = 17.7.34202.233
MinimumVisualStudioVersion = 10.0.40219.1
Project("{2150E333-8FDC-42A3-9474-1A3956D46DE8}") = "src", "src", "{22F4F5B9-51B4-41E4-8E18-D40FB2ED09D0}"
EndProject
Project("{2150E333-8FDC-42A3-9474-1A3956D46DE8}") = "test", "test", "{ACF06894-5D9C-496A-94D4-C20DC80AD04B}"
EndProject
Project("{2150E333-8FDC-42A3-9474-1A3956D46DE8}") = "UI", "UI", "{A8900476-124F-4FF8-93FE-BBAFBFAFF37F}"
EndProject
Project("{2150E333-8FDC-42A3-9474-1A3956D46DE8}") = "Core", "Core", "{0B2831C5-445C-41D7-815F-593DA412D689}"
EndProject
Project("{2150E333-8FDC-42A3-9474-1A3956D46DE8}") = "Infrastructure", "Infrastructure", "{2871F05A-78BC-4D3E-9A06-25760DBA652E}"
EndProject
Project("{2150E333-8FDC-42A3-9474-1A3956D46DE8}") = "API", "API", "{F07AB535-CDB7-48A5-89AB-4EFFEB131B07}"
EndProject
Project("{FAE04EC0-301F-11D3-BF4B-00C04F79EFBC}") = "HRLeaveManagement.Domain", "HRLeaveManagement.Domain\HRLeaveManagement.Domain.csproj", "{9B5C7E99-AB21-466E-81AD-858AD786ACB6}"
EndProject
Global
	GlobalSection(SolutionConfigurationPlatforms) = preSolution
		Debug|Any CPU = Debug|Any CPU
		Release|Any CPU = Release|Any CPU
	EndGlobalSection
	GlobalSection(ProjectConfigurationPlatforms) = postSolution
		{9B5C7E99-AB21-466E-81AD-858AD786ACB6}.Debug|Any CPU.ActiveCfg = Debug|Any CPU
		{9B5C7E99-AB21-466E-81AD-858AD786ACB6}.Debug|Any CPU.Build.0 = Debug|Any CPU
		{9B5C7E99-AB21-466E-81AD-858AD786ACB6}.Release|Any CPU.ActiveCfg = Release|Any CPU
		{9B5C7E99-AB21-466E-81AD-858AD786ACB6}.Release|Any CPU.Build.0 = Release|Any CPU
	EndGlobalSection
	GlobalSection(SolutionProperties) = preSolution
		HideSolutionNode = FALSE
	EndGlobalSection
	GlobalSection(NestedProjects) = preSolution
		{A8900476-124F-4FF8-93FE-BBAFBFAFF37F} = {22F4F5B9-51B4-41E4-8E18-D40FB2ED09D0}
		{0B2831C5-445C-41D7-815F-593DA412D689} = {22F4F5B9-51B4-41E4-8E18-D40FB2ED09D0}
		{2871F05A-78BC-4D3E-9A06-25760DBA652E} = {22F4F5B9-51B4-41E4-8E18-D40FB2ED09D0}
		{F07AB535-CDB7-48A5-89AB-4EFFEB131B07} = {22F4F5B9-51B4-41E4-8E18-D40FB2ED09D0}
		{9B5C7E99-AB21-466E-81AD-858AD786ACB6} = {0B2831C5-445C-41D7-815F-593DA412D689}
	EndGlobalSection
	GlobalSection(ExtensibilityGlobals) = postSolution
		SolutionGuid = {30D26648-E67D-4EBD-86FB-B26CAD61493F}
	EndGlobalSection
EndGlobal
